
Microsoft Visual Studio Solution File, Format Version 12.00
# Visual Studio Version 17
VisualStudioVersion = 17.14.36915.13 d17.14
MinimumVisualStudioVersion = 10.0.40219.1
Project("{FAE04EC0-301F-11D3-BF4B-00C04F79EFBC}") = "CareerCompass.API", "CareerCompass.API.csproj", "{13ADE415-E344-45C6-A530-2DF2DA28FB19}"
EndProject
Global
	GlobalSection(SolutionConfigurationPlatforms) = preSolution
		Debug|Any CPU = Debug|Any CPU
		Release|Any CPU = Release|Any CPU
	EndGlobalSection
	GlobalSection(ProjectConfigurationPlatforms) = postSolution
		{13ADE415-E344-45C6-A530-2DF2DA28FB19}.Debug|Any CPU.ActiveCfg = Debug|Any CPU
		{13ADE415-E344-45C6-A530-2DF2DA28FB19}.Debug|Any CPU.Build.0 = Debug|Any CPU
		{13ADE415-E344-45C6-A530-2DF2DA28FB19}.Release|Any CPU.ActiveCfg = Release|Any CPU
		{13ADE415-E344-45C6-A530-2DF2DA28FB19}.Release|Any CPU.Build.0 = Release|Any CPU
	EndGlobalSection
	GlobalSection(SolutionProperties) = preSolution
		HideSolutionNode = FALSE
	EndGlobalSection
	GlobalSection(ExtensibilityGlobals) = postSolution
		SolutionGuid = {549653A8-5016-427C-AD94-1FFB22A1133A}
	EndGlobalSection
EndGlobal
